// !$*UTF8*$!
{
	archiveVersion = 1;
	classes = {
	};
	objectVersion = 50;
	objects = {

/* Begin PBXBuildFile section */
		0453400F252D4CFE003A9DA6 /* AppDelegate.swift in Sources */ = {isa = PBXBuildFile; fileRef = 0453400E252D4CFE003A9DA6 /* AppDelegate.swift */; };
		04534011252D4CFE003A9DA6 /* SceneDelegate.swift in Sources */ = {isa = PBXBuildFile; fileRef = 04534010252D4CFE003A9DA6 /* SceneDelegate.swift */; };
		04534013252D4CFE003A9DA6 /* ViewController.swift in Sources */ = {isa = PBXBuildFile; fileRef = 04534012252D4CFE003A9DA6 /* ViewController.swift */; };
		04534018252D4D02003A9DA6 /* Assets.xcassets in Resources */ = {isa = PBXBuildFile; fileRef = 04534017252D4D02003A9DA6 /* Assets.xcassets */; };
		0453401B252D4D02003A9DA6 /* LaunchScreen.storyboard in Resources */ = {isa = PBXBuildFile; fileRef = 04534019252D4D02003A9DA6 /* LaunchScreen.storyboard */; };
		04534026252D4D03003A9DA6 /* Github_FolowerTests.swift in Sources */ = {isa = PBXBuildFile; fileRef = 04534025252D4D03003A9DA6 /* Github_FolowerTests.swift */; };
		04534031252D4D03003A9DA6 /* Github_FolowerUITests.swift in Sources */ = {isa = PBXBuildFile; fileRef = 04534030252D4D03003A9DA6 /* Github_FolowerUITests.swift */; };
/* End PBXBuildFile section */

/* Begin PBXContainerItemProxy section */
		04534022252D4D03003A9DA6 /* PBXContainerItemProxy */ = {
			isa = PBXContainerItemProxy;
			containerPortal = 04534003252D4CFE003A9DA6 /* Project object */;
			proxyType = 1;
			remoteGlobalIDString = 0453400A252D4CFE003A9DA6;
			remoteInfo = "Github Folower";
		};
		0453402D252D4D03003A9DA6 /* PBXContainerItemProxy */ = {
			isa = PBXContainerItemProxy;
			containerPortal = 04534003252D4CFE003A9DA6 /* Project object */;
			proxyType = 1;
			remoteGlobalIDString = 0453400A252D4CFE003A9DA6;
			remoteInfo = "Github Folower";
		};
/* End PBXContainerItemProxy section */

/* Begin PBXFileReference section */
		0453400B252D4CFE003A9DA6 /* Github Folower.app */ = {isa = PBXFileReference; explicitFileType = wrapper.application; includeInIndex = 0; path = "Github Folower.app"; sourceTree = BUILT_PRODUCTS_DIR; };
		0453400E252D4CFE003A9DA6 /* AppDelegate.swift */ = {isa = PBXFileReference; lastKnownFileType = sourcecode.swift; path = AppDelegate.swift; sourceTree = "<group>"; };
		04534010252D4CFE003A9DA6 /* SceneDelegate.swift */ = {isa = PBXFileReference; lastKnownFileType = sourcecode.swift; path = SceneDelegate.swift; sourceTree = "<group>"; };
		04534012252D4CFE003A9DA6 /* ViewController.swift */ = {isa = PBXFileReference; lastKnownFileType = sourcecode.swift; path = ViewController.swift; sourceTree = "<group>"; };
		04534017252D4D02003A9DA6 /* Assets.xcassets */ = {isa = PBXFileReference; lastKnownFileType = folder.assetcatalog; path = Assets.xcassets; sourceTree = "<group>"; };
		0453401A252D4D02003A9DA6 /* Base */ = {isa = PBXFileReference; lastKnownFileType = file.storyboard; name = Base; path = Base.lproj/LaunchScreen.storyboard; sourceTree = "<group>"; };
		0453401C252D4D02003A9DA6 /* Info.plist */ = {isa = PBXFileReference; lastKnownFileType = text.plist.xml; path = Info.plist; sourceTree = "<group>"; };
		04534021252D4D03003A9DA6 /* Github FolowerTests.xctest */ = {isa = PBXFileReference; explicitFileType = wrapper.cfbundle; includeInIndex = 0; path = "Github FolowerTests.xctest"; sourceTree = BUILT_PRODUCTS_DIR; };
		04534025252D4D03003A9DA6 /* Github_FolowerTests.swift */ = {isa = PBXFileReference; lastKnownFileType = sourcecode.swift; path = Github_FolowerTests.swift; sourceTree = "<group>"; };
		04534027252D4D03003A9DA6 /* Info.plist */ = {isa = PBXFileReference; lastKnownFileType = text.plist.xml; path = Info.plist; sourceTree = "<group>"; };
		0453402C252D4D03003A9DA6 /* Github FolowerUITests.xctest */ = {isa = PBXFileReference; explicitFileType = wrapper.cfbundle; includeInIndex = 0; path = "Github FolowerUITests.xctest"; sourceTree = BUILT_PRODUCTS_DIR; };
		04534030252D4D03003A9DA6 /* Github_FolowerUITests.swift */ = {isa = PBXFileReference; lastKnownFileType = sourcecode.swift; path = Github_FolowerUITests.swift; sourceTree = "<group>"; };
		04534032252D4D03003A9DA6 /* Info.plist */ = {isa = PBXFileReference; lastKnownFileType = text.plist.xml; path = Info.plist; sourceTree = "<group>"; };
/* End PBXFileReference section */

/* Begin PBXFrameworksBuildPhase section */
		04534008252D4CFE003A9DA6 /* Frameworks */ = {
			isa = PBXFrameworksBuildPhase;
			buildActionMask = 2147483647;
			files = (
			);
			runOnlyForDeploymentPostprocessing = 0;
		};
		0453401E252D4D03003A9DA6 /* Frameworks */ = {
			isa = PBXFrameworksBuildPhase;
			buildActionMask = 2147483647;
			files = (
			);
			runOnlyForDeploymentPostprocessing = 0;
		};
		04534029252D4D03003A9DA6 /* Frameworks */ = {
			isa = PBXFrameworksBuildPhase;
			buildActionMask = 2147483647;
			files = (
			);
			runOnlyForDeploymentPostprocessing = 0;
		};
/* End PBXFrameworksBuildPhase section */

/* Begin PBXGroup section */
		04534002252D4CFE003A9DA6 = {
			isa = PBXGroup;
			children = (
				0453400D252D4CFE003A9DA6 /* Github Folower */,
				04534024252D4D03003A9DA6 /* Github FolowerTests */,
				0453402F252D4D03003A9DA6 /* Github FolowerUITests */,
				0453400C252D4CFE003A9DA6 /* Products */,
			);
			sourceTree = "<group>";
		};
		0453400C252D4CFE003A9DA6 /* Products */ = {
			isa = PBXGroup;
			children = (
				0453400B252D4CFE003A9DA6 /* Github Folower.app */,
				04534021252D4D03003A9DA6 /* Github FolowerTests.xctest */,
				0453402C252D4D03003A9DA6 /* Github FolowerUITests.xctest */,
			);
			name = Products;
			sourceTree = "<group>";
		};
		0453400D252D4CFE003A9DA6 /* Github Folower */ = {
			isa = PBXGroup;
			children = (
				0453400E252D4CFE003A9DA6 /* AppDelegate.swift */,
				04534010252D4CFE003A9DA6 /* SceneDelegate.swift */,
				04534012252D4CFE003A9DA6 /* ViewController.swift */,
				04534017252D4D02003A9DA6 /* Assets.xcassets */,
				04534019252D4D02003A9DA6 /* LaunchScreen.storyboard */,
				0453401C252D4D02003A9DA6 /* Info.plist */,
			);
			path = "Github Folower";
			sourceTree = "<group>";
		};
		04534024252D4D03003A9DA6 /* Github FolowerTests */ = {
			isa = PBXGroup;
			children = (
				04534025252D4D03003A9DA6 /* Github_FolowerTests.swift */,
				04534027252D4D03003A9DA6 /* Info.plist */,
			);
			path = "Github FolowerTests";
			sourceTree = "<group>";
		};
		0453402F252D4D03003A9DA6 /* Github FolowerUITests */ = {
			isa = PBXGroup;
			children = (
				04534030252D4D03003A9DA6 /* Github_FolowerUITests.swift */,
				04534032252D4D03003A9DA6 /* Info.plist */,
			);
			path = "Github FolowerUITests";
			sourceTree = "<group>";
		};
/* End PBXGroup section */

/* Begin PBXNativeTarget section */
		0453400A252D4CFE003A9DA6 /* Github Folower */ = {
			isa = PBXNativeTarget;
			buildConfigurationList = 04534035252D4D03003A9DA6 /* Build configuration list for PBXNativeTarget "Github Folower" */;
			buildPhases = (
				04534007252D4CFE003A9DA6 /* Sources */,
				04534008252D4CFE003A9DA6 /* Frameworks */,
				04534009252D4CFE003A9DA6 /* Resources */,
			);
			buildRules = (
			);
			dependencies = (
			);
			name = "Github Folower";
			productName = "Github Folower";
			productReference = 0453400B252D4CFE003A9DA6 /* Github Folower.app */;
			productType = "com.apple.product-type.application";
		};
		04534020252D4D03003A9DA6 /* Github FolowerTests */ = {
			isa = PBXNativeTarget;
			buildConfigurationList = 04534038252D4D03003A9DA6 /* Build configuration list for PBXNativeTarget "Github FolowerTests" */;
			buildPhases = (
				0453401D252D4D03003A9DA6 /* Sources */,
				0453401E252D4D03003A9DA6 /* Frameworks */,
				0453401F252D4D03003A9DA6 /* Resources */,
			);
			buildRules = (
			);
			dependencies = (
				04534023252D4D03003A9DA6 /* PBXTargetDependency */,
			);
			name = "Github FolowerTests";
			productName = "Github FolowerTests";
			productReference = 04534021252D4D03003A9DA6 /* Github FolowerTests.xctest */;
			productType = "com.apple.product-type.bundle.unit-test";
		};
		0453402B252D4D03003A9DA6 /* Github FolowerUITests */ = {
			isa = PBXNativeTarget;
			buildConfigurationList = 0453403B252D4D03003A9DA6 /* Build configuration list for PBXNativeTarget "Github FolowerUITests" */;
			buildPhases = (
				04534028252D4D03003A9DA6 /* Sources */,
				04534029252D4D03003A9DA6 /* Frameworks */,
				0453402A252D4D03003A9DA6 /* Resources */,
			);
			buildRules = (
			);
			dependencies = (
				0453402E252D4D03003A9DA6 /* PBXTargetDependency */,
			);
			name = "Github FolowerUITests";
			productName = "Github FolowerUITests";
			productReference = 0453402C252D4D03003A9DA6 /* Github FolowerUITests.xctest */;
			productType = "com.apple.product-type.bundle.ui-testing";
		};
/* End PBXNativeTarget section */

/* Begin PBXProject section */
		04534003252D4CFE003A9DA6 /* Project object */ = {
			isa = PBXProject;
			attributes = {
				LastSwiftUpdateCheck = 1200;
				LastUpgradeCheck = 1200;
				TargetAttributes = {
					0453400A252D4CFE003A9DA6 = {
						CreatedOnToolsVersion = 12.0.1;
					};
					04534020252D4D03003A9DA6 = {
						CreatedOnToolsVersion = 12.0.1;
						TestTargetID = 0453400A252D4CFE003A9DA6;
					};
					0453402B252D4D03003A9DA6 = {
						CreatedOnToolsVersion = 12.0.1;
						TestTargetID = 0453400A252D4CFE003A9DA6;
					};
				};
			};
			buildConfigurationList = 04534006252D4CFE003A9DA6 /* Build configuration list for PBXProject "Github Folower" */;
			compatibilityVersion = "Xcode 9.3";
			developmentRegion = en;
			hasScannedForEncodings = 0;
			knownRegions = (
				en,
				Base,
			);
			mainGroup = 04534002252D4CFE003A9DA6;
			productRefGroup = 0453400C252D4CFE003A9DA6 /* Products */;
			projectDirPath = "";
			projectRoot = "";
			targets = (
				0453400A252D4CFE003A9DA6 /* Github Folower */,
				04534020252D4D03003A9DA6 /* Github FolowerTests */,
				0453402B252D4D03003A9DA6 /* Github FolowerUITests */,
			);
		};
/* End PBXProject section */

/* Begin PBXResourcesBuildPhase section */
		04534009252D4CFE003A9DA6 /* Resources */ = {
			isa = PBXResourcesBuildPhase;
			buildActionMask = 2147483647;
			files = (
				0453401B252D4D02003A9DA6 /* LaunchScreen.storyboard in Resources */,
				04534018252D4D02003A9DA6 /* Assets.xcassets in Resources */,
			);
			runOnlyForDeploymentPostprocessing = 0;
		};
		0453401F252D4D03003A9DA6 /* Resources */ = {
			isa = PBXResourcesBuildPhase;
			buildActionMask = 2147483647;
			files = (
			);
			runOnlyForDeploymentPostprocessing = 0;
		};
		0453402A252D4D03003A9DA6 /* Resources */ = {
			isa = PBXResourcesBuildPhase;
			buildActionMask = 2147483647;
			files = (
			);
			runOnlyForDeploymentPostprocessing = 0;
		};
/* End PBXResourcesBuildPhase section */

/* Begin PBXSourcesBuildPhase section */
		04534007252D4CFE003A9DA6 /* Sources */ = {
			isa = PBXSourcesBuildPhase;
			buildActionMask = 2147483647;
			files = (
				04534013252D4CFE003A9DA6 /* ViewController.swift in Sources */,
				0453400F252D4CFE003A9DA6 /* AppDelegate.swift in Sources */,
				04534011252D4CFE003A9DA6 /* SceneDelegate.swift in Sources */,
			);
			runOnlyForDeploymentPostprocessing = 0;
		};
		0453401D252D4D03003A9DA6 /* Sources */ = {
			isa = PBXSourcesBuildPhase;
			buildActionMask = 2147483647;
			files = (
				04534026252D4D03003A9DA6 /* Github_FolowerTests.swift in Sources */,
			);
			runOnlyForDeploymentPostprocessing = 0;
		};
		04534028252D4D03003A9DA6 /* Sources */ = {
			isa = PBXSourcesBuildPhase;
			buildActionMask = 2147483647;
			files = (
				04534031252D4D03003A9DA6 /* Github_FolowerUITests.swift in Sources */,
			);
			runOnlyForDeploymentPostprocessing = 0;
		};
/* End PBXSourcesBuildPhase section */

/* Begin PBXTargetDependency section */
		04534023252D4D03003A9DA6 /* PBXTargetDependency */ = {
			isa = PBXTargetDependency;
			target = 0453400A252D4CFE003A9DA6 /* Github Folower */;
			targetProxy = 04534022252D4D03003A9DA6 /* PBXContainerItemProxy */;
		};
		0453402E252D4D03003A9DA6 /* PBXTargetDependency */ = {
			isa = PBXTargetDependency;
			target = 0453400A252D4CFE003A9DA6 /* Github Folower */;
			targetProxy = 0453402D252D4D03003A9DA6 /* PBXContainerItemProxy */;
		};
/* End PBXTargetDependency section */

/* Begin PBXVariantGroup section */
		04534019252D4D02003A9DA6 /* LaunchScreen.storyboard */ = {
			isa = PBXVariantGroup;
			children = (
				0453401A252D4D02003A9DA6 /* Base */,
			);
			name = LaunchScreen.storyboard;
			sourceTree = "<group>";
		};
/* End PBXVariantGroup section */

/* Begin XCBuildConfiguration section */
		04534033252D4D03003A9DA6 /* Debug */ = {
			isa = XCBuildConfiguration;
			buildSettings = {
				ALWAYS_SEARCH_USER_PATHS = NO;
				CLANG_ANALYZER_NONNULL = YES;
				CLANG_ANALYZER_NUMBER_OBJECT_CONVERSION = YES_AGGRESSIVE;
				CLANG_CXX_LANGUAGE_STANDARD = "gnu++14";
				CLANG_CXX_LIBRARY = "libc++";
				CLANG_ENABLE_MODULES = YES;
				CLANG_ENABLE_OBJC_ARC = YES;
				CLANG_ENABLE_OBJC_WEAK = YES;
				CLANG_WARN_BLOCK_CAPTURE_AUTORELEASING = YES;
				CLANG_WARN_BOOL_CONVERSION = YES;
				CLANG_WARN_COMMA = YES;
				CLANG_WARN_CONSTANT_CONVERSION = YES;
				CLANG_WARN_DEPRECATED_OBJC_IMPLEMENTATIONS = YES;
				CLANG_WARN_DIRECT_OBJC_ISA_USAGE = YES_ERROR;
				CLANG_WARN_DOCUMENTATION_COMMENTS = YES;
				CLANG_WARN_EMPTY_BODY = YES;
				CLANG_WARN_ENUM_CONVERSION = YES;
				CLANG_WARN_INFINITE_RECURSION = YES;
				CLANG_WARN_INT_CONVERSION = YES;
				CLANG_WARN_NON_LITERAL_NULL_CONVERSION = YES;
				CLANG_WARN_OBJC_IMPLICIT_RETAIN_SELF = YES;
				CLANG_WARN_OBJC_LITERAL_CONVERSION = YES;
				CLANG_WARN_OBJC_ROOT_CLASS = YES_ERROR;
				CLANG_WARN_QUOTED_INCLUDE_IN_FRAMEWORK_HEADER = YES;
				CLANG_WARN_RANGE_LOOP_ANALYSIS = YES;
				CLANG_WARN_STRICT_PROTOTYPES = YES;
				CLANG_WARN_SUSPICIOUS_MOVE = YES;
				CLANG_WARN_UNGUARDED_AVAILABILITY = YES_AGGRESSIVE;
				CLANG_WARN_UNREACHABLE_CODE = YES;
				CLANG_WARN__DUPLICATE_METHOD_MATCH = YES;
				COPY_PHASE_STRIP = NO;
				DEBUG_INFORMATION_FORMAT = dwarf;
				ENABLE_STRICT_OBJC_MSGSEND = YES;
				ENABLE_TESTABILITY = YES;
				GCC_C_LANGUAGE_STANDARD = gnu11;
				GCC_DYNAMIC_NO_PIC = NO;
				GCC_NO_COMMON_BLOCKS = YES;
				GCC_OPTIMIZATION_LEVEL = 0;
				GCC_PREPROCESSOR_DEFINITIONS = (
					"DEBUG=1",
					"$(inherited)",
				);
				GCC_WARN_64_TO_32_BIT_CONVERSION = YES;
				GCC_WARN_ABOUT_RETURN_TYPE = YES_ERROR;
				GCC_WARN_UNDECLARED_SELECTOR = YES;
				GCC_WARN_UNINITIALIZED_AUTOS = YES_AGGRESSIVE;
				GCC_WARN_UNUSED_FUNCTION = YES;
				GCC_WARN_UNUSED_VARIABLE = YES;
				IPHONEOS_DEPLOYMENT_TARGET = 14.0;
				MTL_ENABLE_DEBUG_INFO = INCLUDE_SOURCE;
				MTL_FAST_MATH = YES;
				ONLY_ACTIVE_ARCH = YES;
				SDKROOT = iphoneos;
				SWIFT_ACTIVE_COMPILATION_CONDITIONS = DEBUG;
				SWIFT_OPTIMIZATION_LEVEL = "-Onone";
			};
			name = Debug;
		};
		04534034252D4D03003A9DA6 /* Release */ = {
			isa = XCBuildConfiguration;
			buildSettings = {
				ALWAYS_SEARCH_USER_PATHS = NO;
				CLANG_ANALYZER_NONNULL = YES;
				CLANG_ANALYZER_NUMBER_OBJECT_CONVERSION = YES_AGGRESSIVE;
				CLANG_CXX_LANGUAGE_STANDARD = "gnu++14";
				CLANG_CXX_LIBRARY = "libc++";
				CLANG_ENABLE_MODULES = YES;
				CLANG_ENABLE_OBJC_ARC = YES;
				CLANG_ENABLE_OBJC_WEAK = YES;
				CLANG_WARN_BLOCK_CAPTURE_AUTORELEASING = YES;
				CLANG_WARN_BOOL_CONVERSION = YES;
				CLANG_WARN_COMMA = YES;
				CLANG_WARN_CONSTANT_CONVERSION = YES;
				CLANG_WARN_DEPRECATED_OBJC_IMPLEMENTATIONS = YES;
				CLANG_WARN_DIRECT_OBJC_ISA_USAGE = YES_ERROR;
				CLANG_WARN_DOCUMENTATION_COMMENTS = YES;
				CLANG_WARN_EMPTY_BODY = YES;
				CLANG_WARN_ENUM_CONVERSION = YES;
				CLANG_WARN_INFINITE_RECURSION = YES;
				CLANG_WARN_INT_CONVERSION = YES;
				CLANG_WARN_NON_LITERAL_NULL_CONVERSION = YES;
				CLANG_WARN_OBJC_IMPLICIT_RETAIN_SELF = YES;
				CLANG_WARN_OBJC_LITERAL_CONVERSION = YES;
				CLANG_WARN_OBJC_ROOT_CLASS = YES_ERROR;
				CLANG_WARN_QUOTED_INCLUDE_IN_FRAMEWORK_HEADER = YES;
				CLANG_WARN_RANGE_LOOP_ANALYSIS = YES;
				CLANG_WARN_STRICT_PROTOTYPES = YES;
				CLANG_WARN_SUSPICIOUS_MOVE = YES;
				CLANG_WARN_UNGUARDED_AVAILABILITY = YES_AGGRESSIVE;
				CLANG_WARN_UNREACHABLE_CODE = YES;
				CLANG_WARN__DUPLICATE_METHOD_MATCH = YES;
				COPY_PHASE_STRIP = NO;
				DEBUG_INFORMATION_FORMAT = "dwarf-with-dsym";
				ENABLE_NS_ASSERTIONS = NO;
				ENABLE_STRICT_OBJC_MSGSEND = YES;
				GCC_C_LANGUAGE_STANDARD = gnu11;
				GCC_NO_COMMON_BLOCKS = YES;
				GCC_WARN_64_TO_32_BIT_CONVERSION = YES;
				GCC_WARN_ABOUT_RETURN_TYPE = YES_ERROR;
				GCC_WARN_UNDECLARED_SELECTOR = YES;
				GCC_WARN_UNINITIALIZED_AUTOS = YES_AGGRESSIVE;
				GCC_WARN_UNUSED_FUNCTION = YES;
				GCC_WARN_UNUSED_VARIABLE = YES;
				IPHONEOS_DEPLOYMENT_TARGET = 14.0;
				MTL_ENABLE_DEBUG_INFO = NO;
				MTL_FAST_MATH = YES;
				SDKROOT = iphoneos;
				SWIFT_COMPILATION_MODE = wholemodule;
				SWIFT_OPTIMIZATION_LEVEL = "-O";
				VALIDATE_PRODUCT = YES;
			};
			name = Release;
		};
		04534036252D4D03003A9DA6 /* Debug */ = {
			isa = XCBuildConfiguration;
			buildSettings = {
				ASSETCATALOG_COMPILER_APPICON_NAME = AppIcon;
				ASSETCATALOG_COMPILER_GLOBAL_ACCENT_COLOR_NAME = AccentColor;
				CODE_SIGN_STYLE = Automatic;
				DEVELOPMENT_TEAM = 8D4SVADJV4;
				INFOPLIST_FILE = "Github Folower/Info.plist";
				IPHONEOS_DEPLOYMENT_TARGET = 13.0;
				LD_RUNPATH_SEARCH_PATHS = (
					"$(inherited)",
					"@executable_path/Frameworks",
				);
				PRODUCT_BUNDLE_IDENTIFIER = "Kerollos.Nabil.Fahmy.KNF.Github-Folower";
				PRODUCT_NAME = "$(TARGET_NAME)";
				SWIFT_VERSION = 5.0;
				TARGETED_DEVICE_FAMILY = 1;
			};
			name = Debug;
		};
		04534037252D4D03003A9DA6 /* Release */ = {
			isa = XCBuildConfiguration;
			buildSettings = {
				ASSETCATALOG_COMPILER_APPICON_NAME = AppIcon;
				ASSETCATALOG_COMPILER_GLOBAL_ACCENT_COLOR_NAME = AccentColor;
				CODE_SIGN_STYLE = Automatic;
				DEVELOPMENT_TEAM = 8D4SVADJV4;
				INFOPLIST_FILE = "Github Folower/Info.plist";
				IPHONEOS_DEPLOYMENT_TARGET = 13.0;
				LD_RUNPATH_SEARCH_PATHS = (
					"$(inherited)",
					"@executable_path/Frameworks",
				);
				PRODUCT_BUNDLE_IDENTIFIER = "Kerollos.Nabil.Fahmy.KNF.Github-Folower";
				PRODUCT_NAME = "$(TARGET_NAME)";
				SWIFT_VERSION = 5.0;
				TARGETED_DEVICE_FAMILY = 1;
			};
			name = Release;
		};
		04534039252D4D03003A9DA6 /* Debug */ = {
			isa = XCBuildConfiguration;
			buildSettings = {
				ALWAYS_EMBED_SWIFT_STANDARD_LIBRARIES = YES;
				BUNDLE_LOADER = "$(TEST_HOST)";
				CODE_SIGN_STYLE = Automatic;
				DEVELOPMENT_TEAM = 8D4SVADJV4;
				INFOPLIST_FILE = "Github FolowerTests/Info.plist";
				IPHONEOS_DEPLOYMENT_TARGET = 14.0;
				LD_RUNPATH_SEARCH_PATHS = (
					"$(inherited)",
					"@executable_path/Frameworks",
					"@loader_path/Frameworks",
				);
				PRODUCT_BUNDLE_IDENTIFIER = "Kerollos.Nabil.Fahmy.KNF.Github-FolowerTests";
				PRODUCT_NAME = "$(TARGET_NAME)";
				SWIFT_VERSION = 5.0;
				TARGETED_DEVICE_FAMILY = "1,2";
				TEST_HOST = "$(BUILT_PRODUCTS_DIR)/Github Folower.app/Github Folower";
			};
			name = Debug;
		};
		0453403A252D4D03003A9DA6 /* Release */ = {
			isa = XCBuildConfiguration;
			buildSettings = {
				ALWAYS_EMBED_SWIFT_STANDARD_LIBRARIES = YES;
				BUNDLE_LOADER = "$(TEST_HOST)";
				CODE_SIGN_STYLE = Automatic;
				DEVELOPMENT_TEAM = 8D4SVADJV4;
				INFOPLIST_FILE = "Github FolowerTests/Info.plist";
				IPHONEOS_DEPLOYMENT_TARGET = 14.0;
				LD_RUNPATH_SEARCH_PATHS = (
					"$(inherited)",
					"@executable_path/Frameworks",
					"@loader_path/Frameworks",
				);
				PRODUCT_BUNDLE_IDENTIFIER = "Kerollos.Nabil.Fahmy.KNF.Github-FolowerTests";
				PRODUCT_NAME = "$(TARGET_NAME)";
				SWIFT_VERSION = 5.0;
				TARGETED_DEVICE_FAMILY = "1,2";
				TEST_HOST = "$(BUILT_PRODUCTS_DIR)/Github Folower.app/Github Folower";
			};
			name = Release;
		};
		0453403C252D4D03003A9DA6 /* Debug */ = {
			isa = XCBuildConfiguration;
			buildSettings = {
				ALWAYS_EMBED_SWIFT_STANDARD_LIBRARIES = YES;
				CODE_SIGN_STYLE = Automatic;
				DEVELOPMENT_TEAM = 8D4SVADJV4;
				INFOPLIST_FILE = "Github FolowerUITests/Info.plist";
				LD_RUNPATH_SEARCH_PATHS = (
					"$(inherited)",
					"@executable_path/Frameworks",
					"@loader_path/Frameworks",
				);
				PRODUCT_BUNDLE_IDENTIFIER = "Kerollos.Nabil.Fahmy.KNF.Github-FolowerUITests";
				PRODUCT_NAME = "$(TARGET_NAME)";
				SWIFT_VERSION = 5.0;
				TARGETED_DEVICE_FAMILY = "1,2";
				TEST_TARGET_NAME = "Github Folower";
			};
			name = Debug;
		};
		0453403D252D4D03003A9DA6 /* Release */ = {
			isa = XCBuildConfiguration;
			buildSettings = {
				ALWAYS_EMBED_SWIFT_STANDARD_LIBRARIES = YES;
				CODE_SIGN_STYLE = Automatic;
				DEVELOPMENT_TEAM = 8D4SVADJV4;
				INFOPLIST_FILE = "Github FolowerUITests/Info.plist";
				LD_RUNPATH_SEARCH_PATHS = (
					"$(inherited)",
					"@executable_path/Frameworks",
					"@loader_path/Frameworks",
				);
				PRODUCT_BUNDLE_IDENTIFIER = "Kerollos.Nabil.Fahmy.KNF.Github-FolowerUITests";
				PRODUCT_NAME = "$(TARGET_NAME)";
				SWIFT_VERSION = 5.0;
				TARGETED_DEVICE_FAMILY = "1,2";
				TEST_TARGET_NAME = "Github Folower";
			};
			name = Release;
		};
/* End XCBuildConfiguration section */

/* Begin XCConfigurationList section */
		04534006252D4CFE003A9DA6 /* Build configuration list for PBXProject "Github Folower" */ = {
			isa = XCConfigurationList;
			buildConfigurations = (
				04534033252D4D03003A9DA6 /* Debug */,
				04534034252D4D03003A9DA6 /* Release */,
			);
			defaultConfigurationIsVisible = 0;
			defaultConfigurationName = Release;
		};
		04534035252D4D03003A9DA6 /* Build configuration list for PBXNativeTarget "Github Folower" */ = {
			isa = XCConfigurationList;
			buildConfigurations = (
				04534036252D4D03003A9DA6 /* Debug */,
				04534037252D4D03003A9DA6 /* Release */,
			);
			defaultConfigurationIsVisible = 0;
			defaultConfigurationName = Release;
		};
		04534038252D4D03003A9DA6 /* Build configuration list for PBXNativeTarget "Github FolowerTests" */ = {
			isa = XCConfigurationList;
			buildConfigurations = (
				04534039252D4D03003A9DA6 /* Debug */,
				0453403A252D4D03003A9DA6 /* Release */,
			);
			defaultConfigurationIsVisible = 0;
			defaultConfigurationName = Release;
		};
		0453403B252D4D03003A9DA6 /* Build configuration list for PBXNativeTarget "Github FolowerUITests" */ = {
			isa = XCConfigurationList;
			buildConfigurations = (
				0453403C252D4D03003A9DA6 /* Debug */,
				0453403D252D4D03003A9DA6 /* Release */,
			);
			defaultConfigurationIsVisible = 0;
			defaultConfigurationName = Release;
		};
/* End XCConfigurationList section */
	};
	rootObject = 04534003252D4CFE003A9DA6 /* Project object */;
}
